// !$*UTF8*$!
{
	archiveVersion = 1;
	classes = {
	};
	objectVersion = 51;
	objects = {

/* Begin PBXBuildFile section */
		110C3F87252DEFC600FE5667 /* UITextField.swift in Sources */ = {isa = PBXBuildFile; fileRef = 110C3F86252DEFC600FE5667 /* UITextField.swift */; };
		110F5E3724FD673D00C463A4 /* UserService.swift in Sources */ = {isa = PBXBuildFile; fileRef = 110F5E3624FD673D00C463A4 /* UserService.swift */; };
		11108C02252356BC00A44945 /* DMSans-Medium.ttf in Resources */ = {isa = PBXBuildFile; fileRef = 11108BFF252356BC00A44945 /* DMSans-Medium.ttf */; };
		11108C03252356BC00A44945 /* DMSans-Bold.ttf in Resources */ = {isa = PBXBuildFile; fileRef = 11108C00252356BC00A44945 /* DMSans-Bold.ttf */; };
		11108C04252356BC00A44945 /* DMSans-Regular.ttf in Resources */ = {isa = PBXBuildFile; fileRef = 11108C01252356BC00A44945 /* DMSans-Regular.ttf */; };
		1117D08F25023675000D864F /* Array.swift in Sources */ = {isa = PBXBuildFile; fileRef = 1117D08E25023675000D864F /* Array.swift */; };
		11284211248E7C5700A014E9 /* AppDelegate.swift in Sources */ = {isa = PBXBuildFile; fileRef = 11284210248E7C5700A014E9 /* AppDelegate.swift */; };
		11284213248E7C5700A014E9 /* SceneDelegate.swift in Sources */ = {isa = PBXBuildFile; fileRef = 11284212248E7C5700A014E9 /* SceneDelegate.swift */; };
		11284218248E7C5700A014E9 /* Main.storyboard in Resources */ = {isa = PBXBuildFile; fileRef = 11284216248E7C5700A014E9 /* Main.storyboard */; };
		1128421A248E7C5800A014E9 /* Assets.xcassets in Resources */ = {isa = PBXBuildFile; fileRef = 11284219248E7C5800A014E9 /* Assets.xcassets */; };
		1128421D248E7C5800A014E9 /* LaunchScreen.storyboard in Resources */ = {isa = PBXBuildFile; fileRef = 1128421B248E7C5800A014E9 /* LaunchScreen.storyboard */; };
		11284229248E7D5100A014E9 /* Home.storyboard in Resources */ = {isa = PBXBuildFile; fileRef = 11284228248E7D5100A014E9 /* Home.storyboard */; };
		1128422F248E839D00A014E9 /* AddWordVC.swift in Sources */ = {isa = PBXBuildFile; fileRef = 1128422E248E839D00A014E9 /* AddWordVC.swift */; };
		11284233248E83BB00A014E9 /* VocabularyTVC.swift in Sources */ = {isa = PBXBuildFile; fileRef = 11284232248E83BB00A014E9 /* VocabularyTVC.swift */; };
		11284235248E83C800A014E9 /* ProfileTVC.swift in Sources */ = {isa = PBXBuildFile; fileRef = 11284234248E83C800A014E9 /* ProfileTVC.swift */; };
		11284237248E83D400A014E9 /* LoginVC.swift in Sources */ = {isa = PBXBuildFile; fileRef = 11284236248E83D400A014E9 /* LoginVC.swift */; };
		11284239248E83E000A014E9 /* RegistrationVC.swift in Sources */ = {isa = PBXBuildFile; fileRef = 11284238248E83E000A014E9 /* RegistrationVC.swift */; };
		1128423B248E83ED00A014E9 /* ForgotPasswordVC.swift in Sources */ = {isa = PBXBuildFile; fileRef = 1128423A248E83ED00A014E9 /* ForgotPasswordVC.swift */; };
		1128423D248E840000A014E9 /* RoundedViews.swift in Sources */ = {isa = PBXBuildFile; fileRef = 1128423C248E840000A014E9 /* RoundedViews.swift */; };
		1128423F248E845900A014E9 /* User.swift in Sources */ = {isa = PBXBuildFile; fileRef = 1128423E248E845900A014E9 /* User.swift */; };
		11284241248E846000A014E9 /* Word.swift in Sources */ = {isa = PBXBuildFile; fileRef = 11284240248E846000A014E9 /* Word.swift */; };
		112EA43324C83B7200FA55E3 /* PracticeTrainer.swift in Sources */ = {isa = PBXBuildFile; fileRef = 112EA43224C83B7200FA55E3 /* PracticeTrainer.swift */; };
		112EA43524C84A2900FA55E3 /* PracticeTrainers.swift in Sources */ = {isa = PBXBuildFile; fileRef = 112EA43424C84A2900FA55E3 /* PracticeTrainers.swift */; };
		112F9C7524F6F201007E92D8 /* SuccessMessageVC.swift in Sources */ = {isa = PBXBuildFile; fileRef = 112F9C7324F6F201007E92D8 /* SuccessMessageVC.swift */; };
		112F9C7624F6F201007E92D8 /* SuccessMessageVC.xib in Resources */ = {isa = PBXBuildFile; fileRef = 112F9C7424F6F201007E92D8 /* SuccessMessageVC.xib */; };
		1147B609252B1F420078A296 /* CheckmarkListTVC.swift in Sources */ = {isa = PBXBuildFile; fileRef = 1147B608252B1F420078A296 /* CheckmarkListTVC.swift */; };
		1158D30E24917B9B0087DC96 /* VocabularyTVCell.swift in Sources */ = {isa = PBXBuildFile; fileRef = 1158D30C24917B9B0087DC96 /* VocabularyTVCell.swift */; };
		1158D30F24917B9B0087DC96 /* VocabularyTVCell.xib in Resources */ = {isa = PBXBuildFile; fileRef = 1158D30D24917B9B0087DC96 /* VocabularyTVCell.xib */; };
		1158D31524917EC50087DC96 /* GoogleService-Info.plist in Resources */ = {isa = PBXBuildFile; fileRef = 1158D31424917EC50087DC96 /* GoogleService-Info.plist */; };
		11621A2724C25EFA003087AB /* WKWebVC.swift in Sources */ = {isa = PBXBuildFile; fileRef = 11621A2624C25EFA003087AB /* WKWebVC.swift */; };
		1164FB532508CE150023326A /* MakeWordDesk.swift in Sources */ = {isa = PBXBuildFile; fileRef = 1164FB522508CE150023326A /* MakeWordDesk.swift */; };
		116BC94C249182BD00968DA6 /* Constants.swift in Sources */ = {isa = PBXBuildFile; fileRef = 116BC94B249182BD00968DA6 /* Constants.swift */; };
		116BC94E2491836B00968DA6 /* UIViewController.swift in Sources */ = {isa = PBXBuildFile; fileRef = 116BC94D2491836B00968DA6 /* UIViewController.swift */; };
		1171E70624981CDD00805D35 /* VocabularyCardCVCell.swift in Sources */ = {isa = PBXBuildFile; fileRef = 1171E70424981CDD00805D35 /* VocabularyCardCVCell.swift */; };
		1171E70724981CDD00805D35 /* VocabularyCardCVCell.xib in Resources */ = {isa = PBXBuildFile; fileRef = 1171E70524981CDD00805D35 /* VocabularyCardCVCell.xib */; };
		117FA4CA24CEE78A0043024D /* CollectionViewCenterLayout.swift in Sources */ = {isa = PBXBuildFile; fileRef = 117FA4C924CEE78A0043024D /* CollectionViewCenterLayout.swift */; };
		117FA4CC24CEEC350043024D /* PracticeDeskItemButton.swift in Sources */ = {isa = PBXBuildFile; fileRef = 117FA4CB24CEEC350043024D /* PracticeDeskItemButton.swift */; };
		118162EF24BFB08E0088C0E1 /* UserInfoTVC.swift in Sources */ = {isa = PBXBuildFile; fileRef = 118162EE24BFB08E0088C0E1 /* UserInfoTVC.swift */; };
		1181BBF32498060F00DB682E /* VocabularyCardsVC.swift in Sources */ = {isa = PBXBuildFile; fileRef = 1181BBF12498060F00DB682E /* VocabularyCardsVC.swift */; };
		1181BBF42498060F00DB682E /* VocabularyCardsVC.xib in Resources */ = {isa = PBXBuildFile; fileRef = 1181BBF22498060F00DB682E /* VocabularyCardsVC.xib */; };
		1192355024BFB66C00E76403 /* TextFields.swift in Sources */ = {isa = PBXBuildFile; fileRef = 1192354F24BFB66C00E76403 /* TextFields.swift */; };
		119DBF5724ACCFBF009124B7 /* Configurations.swift in Sources */ = {isa = PBXBuildFile; fileRef = 119DBF5624ACCFBF009124B7 /* Configurations.swift */; };
		11B20D6A24C8DF2E00C1CB4E /* PracticeAnswerItem.swift in Sources */ = {isa = PBXBuildFile; fileRef = 11B20D6824C8DF2E00C1CB4E /* PracticeAnswerItem.swift */; };
		11B20D6B24C8DF2E00C1CB4E /* PracticeAnswerItem.xib in Resources */ = {isa = PBXBuildFile; fileRef = 11B20D6924C8DF2E00C1CB4E /* PracticeAnswerItem.xib */; };
		11B20D6D24C8E00800C1CB4E /* PracticeReadVC.swift in Sources */ = {isa = PBXBuildFile; fileRef = 11B20D6C24C8E00800C1CB4E /* PracticeReadVC.swift */; };
		11ECE4B424EB0FA100B7884B /* VocabulariesTVC.swift in Sources */ = {isa = PBXBuildFile; fileRef = 11ECE4B324EB0FA100B7884B /* VocabulariesTVC.swift */; };
		11F0326D24C8267E00BD6350 /* PracticeCVCell.swift in Sources */ = {isa = PBXBuildFile; fileRef = 11F0326B24C8267E00BD6350 /* PracticeCVCell.swift */; };
		11F0326E24C8267E00BD6350 /* PracticeCVCell.xib in Resources */ = {isa = PBXBuildFile; fileRef = 11F0326C24C8267E00BD6350 /* PracticeCVCell.xib */; };
		11F0327024C8272700BD6350 /* PracticeCVC.swift in Sources */ = {isa = PBXBuildFile; fileRef = 11F0326F24C8272700BD6350 /* PracticeCVC.swift */; };
		11F32A5324AF46D00097BF39 /* VocabularyResultsTVC.swift in Sources */ = {isa = PBXBuildFile; fileRef = 11F32A5224AF46D00097BF39 /* VocabularyResultsTVC.swift */; };
		11F32A5524AF49C30097BF39 /* VocabularyTVC+Restore.swift in Sources */ = {isa = PBXBuildFile; fileRef = 11F32A5424AF49C30097BF39 /* VocabularyTVC+Restore.swift */; };
		11F32A5924AF49DB0097BF39 /* VocabularyTVC+Updating.swift in Sources */ = {isa = PBXBuildFile; fileRef = 11F32A5824AF49DB0097BF39 /* VocabularyTVC+Updating.swift */; };
		150FA46124D8B6E40083D653 /* Vocabulary.swift in Sources */ = {isa = PBXBuildFile; fileRef = 150FA46024D8B6E40083D653 /* Vocabulary.swift */; };
		15122F5825213FF900DB0E8F /* TabBarConroller.swift in Sources */ = {isa = PBXBuildFile; fileRef = 15122F5725213FF900DB0E8F /* TabBarConroller.swift */; };
		151F2F0C251E97D5002D292B /* LoginTitle.swift in Sources */ = {isa = PBXBuildFile; fileRef = 151F2F0B251E97D5002D292B /* LoginTitle.swift */; };
		151F2F29251EB193002D292B /* DefaultButton.swift in Sources */ = {isa = PBXBuildFile; fileRef = 151F2F28251EB193002D292B /* DefaultButton.swift */; };
		15266E6A251140D200BB621C /* Firebase.swift in Sources */ = {isa = PBXBuildFile; fileRef = 15266E69251140D200BB621C /* Firebase.swift */; };
		155F39E82523D69400EC63B9 /* UINavigationController.swift in Sources */ = {isa = PBXBuildFile; fileRef = 155F39E72523D69400EC63B9 /* UINavigationController.swift */; };
		156C80B724D8D27E0077905D /* VocabularyDetailsVC.swift in Sources */ = {isa = PBXBuildFile; fileRef = 156C80B624D8D27E0077905D /* VocabularyDetailsVC.swift */; };
		158B1095251BE29A0003C3A9 /* TextFieldLimit.swift in Sources */ = {isa = PBXBuildFile; fileRef = 158B1094251BE29A0003C3A9 /* TextFieldLimit.swift */; };
		158D655B95A91BBFB440BB73 /* Pods_worddeposit.framework in Frameworks */ = {isa = PBXBuildFile; fileRef = E74A45028EABF36BDC29B0D7 /* Pods_worddeposit.framework */; };
		15A7E04924D8B322006804FD /* VocabulariesTVCell.swift in Sources */ = {isa = PBXBuildFile; fileRef = 15A7E04724D8B322006804FD /* VocabulariesTVCell.swift */; };
		15A7E04A24D8B322006804FD /* VocabulariesTVCell.xib in Resources */ = {isa = PBXBuildFile; fileRef = 15A7E04824D8B322006804FD /* VocabulariesTVCell.xib */; };
		15AFF8B6251692CB00BA6DAF /* ShowLogin.swift in Sources */ = {isa = PBXBuildFile; fileRef = 15AFF8B5251692CB00BA6DAF /* ShowLogin.swift */; };
		15BD0C0224DE0631007E8D27 /* MessageView.swift in Sources */ = {isa = PBXBuildFile; fileRef = 15BD0C0124DE0631007E8D27 /* MessageView.swift */; };
		15BD0C0424DE0657007E8D27 /* MessageView.xib in Resources */ = {isa = PBXBuildFile; fileRef = 15BD0C0324DE0657007E8D27 /* MessageView.xib */; };
		15CEBC6124D71A0300D48C0E /* ProgressHUD.swift in Sources */ = {isa = PBXBuildFile; fileRef = 15CEBC6024D71A0300D48C0E /* ProgressHUD.swift */; };
		15D51907251C069F00590073 /* UIImage.swift in Sources */ = {isa = PBXBuildFile; fileRef = 15D51906251C069F00590073 /* UIImage.swift */; };
		15D5190A251C070100590073 /* String.swift in Sources */ = {isa = PBXBuildFile; fileRef = 15D51909251C070100590073 /* String.swift */; };
		15D5190E251C076900590073 /* Validator.swift in Sources */ = {isa = PBXBuildFile; fileRef = 15D5190D251C076900590073 /* Validator.swift */; };
		15D51954251E7F2500590073 /* PrimaryButton.swift in Sources */ = {isa = PBXBuildFile; fileRef = 15D51953251E7F2500590073 /* PrimaryButton.swift */; };
		15E7741C2529205400EC57D0 /* UILabel.swift in Sources */ = {isa = PBXBuildFile; fileRef = 15E7741B2529205400EC57D0 /* UILabel.swift */; };
		15E7741F25292F0100EC57D0 /* ShadowView.swift in Sources */ = {isa = PBXBuildFile; fileRef = 15E7741E25292F0100EC57D0 /* ShadowView.swift */; };
		15E77426252A2C7C00EC57D0 /* ButtonSelector.swift in Sources */ = {isa = PBXBuildFile; fileRef = 15E77425252A2C7C00EC57D0 /* ButtonSelector.swift */; };
		15E77429252A3BF400EC57D0 /* SecondaryButton.swift in Sources */ = {isa = PBXBuildFile; fileRef = 15E77428252A3BF400EC57D0 /* SecondaryButton.swift */; };
/* End PBXBuildFile section */

/* Begin PBXFileReference section */
		110C3F86252DEFC600FE5667 /* UITextField.swift */ = {isa = PBXFileReference; lastKnownFileType = sourcecode.swift; path = UITextField.swift; sourceTree = "<group>"; };
		110F5E3624FD673D00C463A4 /* UserService.swift */ = {isa = PBXFileReference; lastKnownFileType = sourcecode.swift; path = UserService.swift; sourceTree = "<group>"; };
		11108BFF252356BC00A44945 /* DMSans-Medium.ttf */ = {isa = PBXFileReference; lastKnownFileType = file; path = "DMSans-Medium.ttf"; sourceTree = "<group>"; };
		11108C00252356BC00A44945 /* DMSans-Bold.ttf */ = {isa = PBXFileReference; lastKnownFileType = file; path = "DMSans-Bold.ttf"; sourceTree = "<group>"; };
		11108C01252356BC00A44945 /* DMSans-Regular.ttf */ = {isa = PBXFileReference; lastKnownFileType = file; path = "DMSans-Regular.ttf"; sourceTree = "<group>"; };
		1117D08E25023675000D864F /* Array.swift */ = {isa = PBXFileReference; lastKnownFileType = sourcecode.swift; path = Array.swift; sourceTree = "<group>"; };
		1128420D248E7C5700A014E9 /* worddeposit.app */ = {isa = PBXFileReference; explicitFileType = wrapper.application; includeInIndex = 0; path = worddeposit.app; sourceTree = BUILT_PRODUCTS_DIR; };
		11284210248E7C5700A014E9 /* AppDelegate.swift */ = {isa = PBXFileReference; lastKnownFileType = sourcecode.swift; path = AppDelegate.swift; sourceTree = "<group>"; };
		11284212248E7C5700A014E9 /* SceneDelegate.swift */ = {isa = PBXFileReference; lastKnownFileType = sourcecode.swift; path = SceneDelegate.swift; sourceTree = "<group>"; };
		11284217248E7C5700A014E9 /* Base */ = {isa = PBXFileReference; lastKnownFileType = file.storyboard; name = Base; path = Base.lproj/Main.storyboard; sourceTree = "<group>"; };
		11284219248E7C5800A014E9 /* Assets.xcassets */ = {isa = PBXFileReference; lastKnownFileType = folder.assetcatalog; path = Assets.xcassets; sourceTree = "<group>"; };
		1128421C248E7C5800A014E9 /* Base */ = {isa = PBXFileReference; lastKnownFileType = file.storyboard; name = Base; path = Base.lproj/LaunchScreen.storyboard; sourceTree = "<group>"; };
		1128421E248E7C5800A014E9 /* Info.plist */ = {isa = PBXFileReference; lastKnownFileType = text.plist.xml; path = Info.plist; sourceTree = "<group>"; };
		11284228248E7D5100A014E9 /* Home.storyboard */ = {isa = PBXFileReference; lastKnownFileType = file.storyboard; path = Home.storyboard; sourceTree = "<group>"; };
		1128422E248E839D00A014E9 /* AddWordVC.swift */ = {isa = PBXFileReference; lastKnownFileType = sourcecode.swift; path = AddWordVC.swift; sourceTree = "<group>"; };
		11284232248E83BB00A014E9 /* VocabularyTVC.swift */ = {isa = PBXFileReference; lastKnownFileType = sourcecode.swift; path = VocabularyTVC.swift; sourceTree = "<group>"; };
		11284234248E83C800A014E9 /* ProfileTVC.swift */ = {isa = PBXFileReference; lastKnownFileType = sourcecode.swift; path = ProfileTVC.swift; sourceTree = "<group>"; };
		11284236248E83D400A014E9 /* LoginVC.swift */ = {isa = PBXFileReference; lastKnownFileType = sourcecode.swift; path = LoginVC.swift; sourceTree = "<group>"; };
		11284238248E83E000A014E9 /* RegistrationVC.swift */ = {isa = PBXFileReference; lastKnownFileType = sourcecode.swift; path = RegistrationVC.swift; sourceTree = "<group>"; };
		1128423A248E83ED00A014E9 /* ForgotPasswordVC.swift */ = {isa = PBXFileReference; lastKnownFileType = sourcecode.swift; path = ForgotPasswordVC.swift; sourceTree = "<group>"; };
		1128423C248E840000A014E9 /* RoundedViews.swift */ = {isa = PBXFileReference; lastKnownFileType = sourcecode.swift; path = RoundedViews.swift; sourceTree = "<group>"; };
		1128423E248E845900A014E9 /* User.swift */ = {isa = PBXFileReference; lastKnownFileType = sourcecode.swift; path = User.swift; sourceTree = "<group>"; };
		11284240248E846000A014E9 /* Word.swift */ = {isa = PBXFileReference; lastKnownFileType = sourcecode.swift; path = Word.swift; sourceTree = "<group>"; };
		112EA43224C83B7200FA55E3 /* PracticeTrainer.swift */ = {isa = PBXFileReference; lastKnownFileType = sourcecode.swift; path = PracticeTrainer.swift; sourceTree = "<group>"; };
		112EA43424C84A2900FA55E3 /* PracticeTrainers.swift */ = {isa = PBXFileReference; lastKnownFileType = sourcecode.swift; path = PracticeTrainers.swift; sourceTree = "<group>"; };
		112F9C7324F6F201007E92D8 /* SuccessMessageVC.swift */ = {isa = PBXFileReference; lastKnownFileType = sourcecode.swift; path = SuccessMessageVC.swift; sourceTree = "<group>"; };
		112F9C7424F6F201007E92D8 /* SuccessMessageVC.xib */ = {isa = PBXFileReference; lastKnownFileType = file.xib; path = SuccessMessageVC.xib; sourceTree = "<group>"; };
		1147B608252B1F420078A296 /* CheckmarkListTVC.swift */ = {isa = PBXFileReference; lastKnownFileType = sourcecode.swift; path = CheckmarkListTVC.swift; sourceTree = "<group>"; };
		1158D30C24917B9B0087DC96 /* VocabularyTVCell.swift */ = {isa = PBXFileReference; lastKnownFileType = sourcecode.swift; path = VocabularyTVCell.swift; sourceTree = "<group>"; };
		1158D30D24917B9B0087DC96 /* VocabularyTVCell.xib */ = {isa = PBXFileReference; lastKnownFileType = file.xib; path = VocabularyTVCell.xib; sourceTree = "<group>"; };
		1158D31424917EC50087DC96 /* GoogleService-Info.plist */ = {isa = PBXFileReference; fileEncoding = 4; lastKnownFileType = text.plist.xml; path = "GoogleService-Info.plist"; sourceTree = "<group>"; };
		11621A2624C25EFA003087AB /* WKWebVC.swift */ = {isa = PBXFileReference; lastKnownFileType = sourcecode.swift; name = WKWebVC.swift; path = worddeposit/Controllers/WKWebVC.swift; sourceTree = SOURCE_ROOT; };
		1164FB522508CE150023326A /* MakeWordDesk.swift */ = {isa = PBXFileReference; lastKnownFileType = sourcecode.swift; path = MakeWordDesk.swift; sourceTree = "<group>"; };
		116BC94B249182BD00968DA6 /* Constants.swift */ = {isa = PBXFileReference; lastKnownFileType = sourcecode.swift; path = Constants.swift; sourceTree = "<group>"; };
		116BC94D2491836B00968DA6 /* UIViewController.swift */ = {isa = PBXFileReference; lastKnownFileType = sourcecode.swift; path = UIViewController.swift; sourceTree = "<group>"; };
		1171E70424981CDD00805D35 /* VocabularyCardCVCell.swift */ = {isa = PBXFileReference; lastKnownFileType = sourcecode.swift; path = VocabularyCardCVCell.swift; sourceTree = "<group>"; };
		1171E70524981CDD00805D35 /* VocabularyCardCVCell.xib */ = {isa = PBXFileReference; lastKnownFileType = file.xib; path = VocabularyCardCVCell.xib; sourceTree = "<group>"; };
		117FA4C924CEE78A0043024D /* CollectionViewCenterLayout.swift */ = {isa = PBXFileReference; lastKnownFileType = sourcecode.swift; path = CollectionViewCenterLayout.swift; sourceTree = "<group>"; };
		117FA4CB24CEEC350043024D /* PracticeDeskItemButton.swift */ = {isa = PBXFileReference; lastKnownFileType = sourcecode.swift; path = PracticeDeskItemButton.swift; sourceTree = "<group>"; };
		118162EE24BFB08E0088C0E1 /* UserInfoTVC.swift */ = {isa = PBXFileReference; lastKnownFileType = sourcecode.swift; path = UserInfoTVC.swift; sourceTree = "<group>"; };
		1181BBF12498060F00DB682E /* VocabularyCardsVC.swift */ = {isa = PBXFileReference; lastKnownFileType = sourcecode.swift; path = VocabularyCardsVC.swift; sourceTree = "<group>"; };
		1181BBF22498060F00DB682E /* VocabularyCardsVC.xib */ = {isa = PBXFileReference; lastKnownFileType = file.xib; path = VocabularyCardsVC.xib; sourceTree = "<group>"; };
		1192354F24BFB66C00E76403 /* TextFields.swift */ = {isa = PBXFileReference; lastKnownFileType = sourcecode.swift; path = TextFields.swift; sourceTree = "<group>"; };
		119DBF5624ACCFBF009124B7 /* Configurations.swift */ = {isa = PBXFileReference; lastKnownFileType = sourcecode.swift; path = Configurations.swift; sourceTree = "<group>"; };
		11B20D6824C8DF2E00C1CB4E /* PracticeAnswerItem.swift */ = {isa = PBXFileReference; lastKnownFileType = sourcecode.swift; name = PracticeAnswerItem.swift; path = "worddeposit/Reusable Components/PracticeAnswerItem.swift"; sourceTree = SOURCE_ROOT; };
		11B20D6924C8DF2E00C1CB4E /* PracticeAnswerItem.xib */ = {isa = PBXFileReference; lastKnownFileType = file.xib; name = PracticeAnswerItem.xib; path = worddeposit/XIBs/PracticeAnswerItem.xib; sourceTree = SOURCE_ROOT; };
		11B20D6C24C8E00800C1CB4E /* PracticeReadVC.swift */ = {isa = PBXFileReference; lastKnownFileType = sourcecode.swift; name = PracticeReadVC.swift; path = worddeposit/Controllers/PracticeReadVC.swift; sourceTree = SOURCE_ROOT; };
		11D879B12494170B00FF7BA3 /* worddeposit.entitlements */ = {isa = PBXFileReference; lastKnownFileType = text.plist.entitlements; path = worddeposit.entitlements; sourceTree = "<group>"; };
		11ECE4B324EB0FA100B7884B /* VocabulariesTVC.swift */ = {isa = PBXFileReference; lastKnownFileType = sourcecode.swift; path = VocabulariesTVC.swift; sourceTree = "<group>"; };
		11F0326B24C8267E00BD6350 /* PracticeCVCell.swift */ = {isa = PBXFileReference; lastKnownFileType = sourcecode.swift; path = PracticeCVCell.swift; sourceTree = "<group>"; };
		11F0326C24C8267E00BD6350 /* PracticeCVCell.xib */ = {isa = PBXFileReference; lastKnownFileType = file.xib; path = PracticeCVCell.xib; sourceTree = "<group>"; };
		11F0326F24C8272700BD6350 /* PracticeCVC.swift */ = {isa = PBXFileReference; lastKnownFileType = sourcecode.swift; path = PracticeCVC.swift; sourceTree = "<group>"; };
		11F32A5224AF46D00097BF39 /* VocabularyResultsTVC.swift */ = {isa = PBXFileReference; lastKnownFileType = sourcecode.swift; path = VocabularyResultsTVC.swift; sourceTree = "<group>"; };
		11F32A5424AF49C30097BF39 /* VocabularyTVC+Restore.swift */ = {isa = PBXFileReference; lastKnownFileType = sourcecode.swift; path = "VocabularyTVC+Restore.swift"; sourceTree = "<group>"; };
		11F32A5824AF49DB0097BF39 /* VocabularyTVC+Updating.swift */ = {isa = PBXFileReference; lastKnownFileType = sourcecode.swift; path = "VocabularyTVC+Updating.swift"; sourceTree = "<group>"; };
		150FA46024D8B6E40083D653 /* Vocabulary.swift */ = {isa = PBXFileReference; lastKnownFileType = sourcecode.swift; path = Vocabulary.swift; sourceTree = "<group>"; };
		15122F5725213FF900DB0E8F /* TabBarConroller.swift */ = {isa = PBXFileReference; lastKnownFileType = sourcecode.swift; path = TabBarConroller.swift; sourceTree = "<group>"; };
		151F2F0B251E97D5002D292B /* LoginTitle.swift */ = {isa = PBXFileReference; lastKnownFileType = sourcecode.swift; path = LoginTitle.swift; sourceTree = "<group>"; };
		151F2F28251EB193002D292B /* DefaultButton.swift */ = {isa = PBXFileReference; lastKnownFileType = sourcecode.swift; path = DefaultButton.swift; sourceTree = "<group>"; };
		15266E69251140D200BB621C /* Firebase.swift */ = {isa = PBXFileReference; lastKnownFileType = sourcecode.swift; path = Firebase.swift; sourceTree = "<group>"; };
		155F39E72523D69400EC63B9 /* UINavigationController.swift */ = {isa = PBXFileReference; lastKnownFileType = sourcecode.swift; path = UINavigationController.swift; sourceTree = "<group>"; };
		156C80B624D8D27E0077905D /* VocabularyDetailsVC.swift */ = {isa = PBXFileReference; lastKnownFileType = sourcecode.swift; path = VocabularyDetailsVC.swift; sourceTree = "<group>"; };
		158B1094251BE29A0003C3A9 /* TextFieldLimit.swift */ = {isa = PBXFileReference; lastKnownFileType = sourcecode.swift; path = TextFieldLimit.swift; sourceTree = "<group>"; };
		15A7E04724D8B322006804FD /* VocabulariesTVCell.swift */ = {isa = PBXFileReference; lastKnownFileType = sourcecode.swift; path = VocabulariesTVCell.swift; sourceTree = "<group>"; };
		15A7E04824D8B322006804FD /* VocabulariesTVCell.xib */ = {isa = PBXFileReference; lastKnownFileType = file.xib; path = VocabulariesTVCell.xib; sourceTree = "<group>"; };
		15AFF8B5251692CB00BA6DAF /* ShowLogin.swift */ = {isa = PBXFileReference; lastKnownFileType = sourcecode.swift; path = ShowLogin.swift; sourceTree = "<group>"; };
		15BD0C0124DE0631007E8D27 /* MessageView.swift */ = {isa = PBXFileReference; lastKnownFileType = sourcecode.swift; path = MessageView.swift; sourceTree = "<group>"; };
		15BD0C0324DE0657007E8D27 /* MessageView.xib */ = {isa = PBXFileReference; lastKnownFileType = file.xib; path = MessageView.xib; sourceTree = "<group>"; };
		15CEBC6024D71A0300D48C0E /* ProgressHUD.swift */ = {isa = PBXFileReference; lastKnownFileType = sourcecode.swift; path = ProgressHUD.swift; sourceTree = "<group>"; };
		15D51906251C069F00590073 /* UIImage.swift */ = {isa = PBXFileReference; lastKnownFileType = sourcecode.swift; path = UIImage.swift; sourceTree = "<group>"; };
		15D51909251C070100590073 /* String.swift */ = {isa = PBXFileReference; lastKnownFileType = sourcecode.swift; path = String.swift; sourceTree = "<group>"; };
		15D5190D251C076900590073 /* Validator.swift */ = {isa = PBXFileReference; lastKnownFileType = sourcecode.swift; path = Validator.swift; sourceTree = "<group>"; };
		15D51953251E7F2500590073 /* PrimaryButton.swift */ = {isa = PBXFileReference; lastKnownFileType = sourcecode.swift; path = PrimaryButton.swift; sourceTree = "<group>"; };
		15E7741B2529205400EC57D0 /* UILabel.swift */ = {isa = PBXFileReference; lastKnownFileType = sourcecode.swift; path = UILabel.swift; sourceTree = "<group>"; };
		15E7741E25292F0100EC57D0 /* ShadowView.swift */ = {isa = PBXFileReference; lastKnownFileType = sourcecode.swift; path = ShadowView.swift; sourceTree = "<group>"; };
		15E77425252A2C7C00EC57D0 /* ButtonSelector.swift */ = {isa = PBXFileReference; lastKnownFileType = sourcecode.swift; path = ButtonSelector.swift; sourceTree = "<group>"; };
		15E77428252A3BF400EC57D0 /* SecondaryButton.swift */ = {isa = PBXFileReference; lastKnownFileType = sourcecode.swift; path = SecondaryButton.swift; sourceTree = "<group>"; };
		64D79D641400D9D1E19CC310 /* Pods-worddeposit.debug.xcconfig */ = {isa = PBXFileReference; includeInIndex = 1; lastKnownFileType = text.xcconfig; name = "Pods-worddeposit.debug.xcconfig"; path = "Target Support Files/Pods-worddeposit/Pods-worddeposit.debug.xcconfig"; sourceTree = "<group>"; };
		E2568201BEE4DB94972CDA34 /* Pods-worddeposit.release.xcconfig */ = {isa = PBXFileReference; includeInIndex = 1; lastKnownFileType = text.xcconfig; name = "Pods-worddeposit.release.xcconfig"; path = "Target Support Files/Pods-worddeposit/Pods-worddeposit.release.xcconfig"; sourceTree = "<group>"; };
		E74A45028EABF36BDC29B0D7 /* Pods_worddeposit.framework */ = {isa = PBXFileReference; explicitFileType = wrapper.framework; includeInIndex = 0; path = Pods_worddeposit.framework; sourceTree = BUILT_PRODUCTS_DIR; };
/* End PBXFileReference section */

/* Begin PBXFrameworksBuildPhase section */
		1128420A248E7C5700A014E9 /* Frameworks */ = {
			isa = PBXFrameworksBuildPhase;
			buildActionMask = 2147483647;
			files = (
				158D655B95A91BBFB440BB73 /* Pods_worddeposit.framework in Frameworks */,
			);
			runOnlyForDeploymentPostprocessing = 0;
		};
/* End PBXFrameworksBuildPhase section */

/* Begin PBXGroup section */
		110F5E3524FD670500C463A4 /* Services */ = {
			isa = PBXGroup;
			children = (
				110F5E3624FD673D00C463A4 /* UserService.swift */,
			);
			path = Services;
			sourceTree = "<group>";
		};
		1117D08D2502365B000D864F /* Extensions */ = {
			isa = PBXGroup;
			children = (
				1117D08E25023675000D864F /* Array.swift */,
				15266E69251140D200BB621C /* Firebase.swift */,
				15D51906251C069F00590073 /* UIImage.swift */,
				15D51909251C070100590073 /* String.swift */,
				116BC94D2491836B00968DA6 /* UIViewController.swift */,
				155F39E72523D69400EC63B9 /* UINavigationController.swift */,
				15E7741B2529205400EC57D0 /* UILabel.swift */,
				110C3F86252DEFC600FE5667 /* UITextField.swift */,
			);
			path = Extensions;
			sourceTree = "<group>";
		};
		11284204248E7C5700A014E9 = {
			isa = PBXGroup;
			children = (
				1128420F248E7C5700A014E9 /* worddeposit */,
				1128420E248E7C5700A014E9 /* Products */,
				13969C7DBB50ED88A4E2A9CB /* Pods */,
				94DA42225305F6CE72EE0B51 /* Frameworks */,
			);
			sourceTree = "<group>";
		};
		1128420E248E7C5700A014E9 /* Products */ = {
			isa = PBXGroup;
			children = (
				1128420D248E7C5700A014E9 /* worddeposit.app */,
			);
			name = Products;
			sourceTree = "<group>";
		};
		1128420F248E7C5700A014E9 /* worddeposit */ = {
			isa = PBXGroup;
			children = (
				11D879B12494170B00FF7BA3 /* worddeposit.entitlements */,
				1117D08D2502365B000D864F /* Extensions */,
				110F5E3524FD670500C463A4 /* Services */,
				156C80BA24DDFEB10077905D /* Reusable Components */,
				116BC94A249182A500968DA6 /* Utils */,
				1158D30B2491720C0087DC96 /* XIBs */,
				11284226248E7CF000A014E9 /* Models */,
				11284225248E7CE400A014E9 /* Views */,
				11284224248E7CCD00A014E9 /* Controllers */,
				11284227248E7CF900A014E9 /* Storyboards */,
				15D5194B251D5C6500590073 /* Resources */,
				11FAD1342497FBB2007EBDDD /* Support Files */,
				1128421E248E7C5800A014E9 /* Info.plist */,
				1158D31424917EC50087DC96 /* GoogleService-Info.plist */,
			);
			path = worddeposit;
			sourceTree = "<group>";
		};
		11284224248E7CCD00A014E9 /* Controllers */ = {
			isa = PBXGroup;
			children = (
				11284236248E83D400A014E9 /* LoginVC.swift */,
				11284238248E83E000A014E9 /* RegistrationVC.swift */,
				1128423A248E83ED00A014E9 /* ForgotPasswordVC.swift */,
				11F0326F24C8272700BD6350 /* PracticeCVC.swift */,
				11B20D6C24C8E00800C1CB4E /* PracticeReadVC.swift */,
				1128422E248E839D00A014E9 /* AddWordVC.swift */,
				11284232248E83BB00A014E9 /* VocabularyTVC.swift */,
				11F32A5224AF46D00097BF39 /* VocabularyResultsTVC.swift */,
				11F32A5424AF49C30097BF39 /* VocabularyTVC+Restore.swift */,
				11F32A5824AF49DB0097BF39 /* VocabularyTVC+Updating.swift */,
				1181BBF12498060F00DB682E /* VocabularyCardsVC.swift */,
				11284234248E83C800A014E9 /* ProfileTVC.swift */,
				118162EE24BFB08E0088C0E1 /* UserInfoTVC.swift */,
				11621A2624C25EFA003087AB /* WKWebVC.swift */,
				11ECE4B324EB0FA100B7884B /* VocabulariesTVC.swift */,
			);
			path = Controllers;
			sourceTree = "<group>";
		};
		11284225248E7CE400A014E9 /* Views */ = {
			isa = PBXGroup;
			children = (
				1128423C248E840000A014E9 /* RoundedViews.swift */,
				1192354F24BFB66C00E76403 /* TextFields.swift */,
				117FA4CB24CEEC350043024D /* PracticeDeskItemButton.swift */,
				15D51953251E7F2500590073 /* PrimaryButton.swift */,
				151F2F0B251E97D5002D292B /* LoginTitle.swift */,
				151F2F28251EB193002D292B /* DefaultButton.swift */,
				15122F5725213FF900DB0E8F /* TabBarConroller.swift */,
				15E7741E25292F0100EC57D0 /* ShadowView.swift */,
				15E77425252A2C7C00EC57D0 /* ButtonSelector.swift */,
				15E77428252A3BF400EC57D0 /* SecondaryButton.swift */,
			);
			path = Views;
			sourceTree = "<group>";
		};
		11284226248E7CF000A014E9 /* Models */ = {
			isa = PBXGroup;
			children = (
				1128423E248E845900A014E9 /* User.swift */,
				150FA46024D8B6E40083D653 /* Vocabulary.swift */,
				11284240248E846000A014E9 /* Word.swift */,
				112EA43224C83B7200FA55E3 /* PracticeTrainer.swift */,
				112EA43424C84A2900FA55E3 /* PracticeTrainers.swift */,
			);
			path = Models;
			sourceTree = "<group>";
		};
		11284227248E7CF900A014E9 /* Storyboards */ = {
			isa = PBXGroup;
			children = (
				1128421B248E7C5800A014E9 /* LaunchScreen.storyboard */,
				11284216248E7C5700A014E9 /* Main.storyboard */,
				11284228248E7D5100A014E9 /* Home.storyboard */,
			);
			path = Storyboards;
			sourceTree = "<group>";
		};
		1158D30B2491720C0087DC96 /* XIBs */ = {
			isa = PBXGroup;
			children = (
				15BD0C0324DE0657007E8D27 /* MessageView.xib */,
				11F0326C24C8267E00BD6350 /* PracticeCVCell.xib */,
				11B20D6924C8DF2E00C1CB4E /* PracticeAnswerItem.xib */,
				1158D30D24917B9B0087DC96 /* VocabularyTVCell.xib */,
				1181BBF22498060F00DB682E /* VocabularyCardsVC.xib */,
				1171E70524981CDD00805D35 /* VocabularyCardCVCell.xib */,
				15A7E04824D8B322006804FD /* VocabulariesTVCell.xib */,
				112F9C7424F6F201007E92D8 /* SuccessMessageVC.xib */,
			);
			path = XIBs;
			sourceTree = "<group>";
		};
		116BC94A249182A500968DA6 /* Utils */ = {
			isa = PBXGroup;
			children = (
				117FA4C924CEE78A0043024D /* CollectionViewCenterLayout.swift */,
				119DBF5624ACCFBF009124B7 /* Configurations.swift */,
				116BC94B249182BD00968DA6 /* Constants.swift */,
				1164FB522508CE150023326A /* MakeWordDesk.swift */,
				15AFF8B5251692CB00BA6DAF /* ShowLogin.swift */,
				158B1094251BE29A0003C3A9 /* TextFieldLimit.swift */,
				15D5190D251C076900590073 /* Validator.swift */,
			);
			path = Utils;
			sourceTree = "<group>";
		};
		11FAD1342497FBB2007EBDDD /* Support Files */ = {
			isa = PBXGroup;
			children = (
				11284219248E7C5800A014E9 /* Assets.xcassets */,
				11284210248E7C5700A014E9 /* AppDelegate.swift */,
				11284212248E7C5700A014E9 /* SceneDelegate.swift */,
			);
			path = "Support Files";
			sourceTree = "<group>";
		};
		13969C7DBB50ED88A4E2A9CB /* Pods */ = {
			isa = PBXGroup;
			children = (
				64D79D641400D9D1E19CC310 /* Pods-worddeposit.debug.xcconfig */,
				E2568201BEE4DB94972CDA34 /* Pods-worddeposit.release.xcconfig */,
			);
			path = Pods;
			sourceTree = "<group>";
		};
		156C80BA24DDFEB10077905D /* Reusable Components */ = {
			isa = PBXGroup;
			children = (
				15CEBC6024D71A0300D48C0E /* ProgressHUD.swift */,
				15BD0C0124DE0631007E8D27 /* MessageView.swift */,
				11F0326B24C8267E00BD6350 /* PracticeCVCell.swift */,
				1158D30C24917B9B0087DC96 /* VocabularyTVCell.swift */,
				1171E70424981CDD00805D35 /* VocabularyCardCVCell.swift */,
				15A7E04724D8B322006804FD /* VocabulariesTVCell.swift */,
				11B20D6824C8DF2E00C1CB4E /* PracticeAnswerItem.swift */,
				112F9C7324F6F201007E92D8 /* SuccessMessageVC.swift */,
				156C80B624D8D27E0077905D /* VocabularyDetailsVC.swift */,
				1147B608252B1F420078A296 /* CheckmarkListTVC.swift */,
			);
			path = "Reusable Components";
			sourceTree = "<group>";
		};
		15D5194B251D5C6500590073 /* Resources */ = {
			isa = PBXGroup;
			children = (
				11108C00252356BC00A44945 /* DMSans-Bold.ttf */,
				11108BFF252356BC00A44945 /* DMSans-Medium.ttf */,
				11108C01252356BC00A44945 /* DMSans-Regular.ttf */,
			);
			path = Resources;
			sourceTree = "<group>";
		};
		94DA42225305F6CE72EE0B51 /* Frameworks */ = {
			isa = PBXGroup;
			children = (
				E74A45028EABF36BDC29B0D7 /* Pods_worddeposit.framework */,
			);
			name = Frameworks;
			sourceTree = "<group>";
		};
/* End PBXGroup section */

/* Begin PBXNativeTarget section */
		1128420C248E7C5700A014E9 /* worddeposit */ = {
			isa = PBXNativeTarget;
			buildConfigurationList = 11284221248E7C5800A014E9 /* Build configuration list for PBXNativeTarget "worddeposit" */;
			buildPhases = (
				BC7967448B04ACAD2F276EC5 /* [CP] Check Pods Manifest.lock */,
				11284209248E7C5700A014E9 /* Sources */,
				1128420A248E7C5700A014E9 /* Frameworks */,
				1128420B248E7C5700A014E9 /* Resources */,
				082AF394C0C89311E27FFA55 /* [CP] Embed Pods Frameworks */,
			);
			buildRules = (
			);
			dependencies = (
			);
			name = worddeposit;
			productName = worddeposit;
			productReference = 1128420D248E7C5700A014E9 /* worddeposit.app */;
			productType = "com.apple.product-type.application";
		};
/* End PBXNativeTarget section */

/* Begin PBXProject section */
		11284205248E7C5700A014E9 /* Project object */ = {
			isa = PBXProject;
			attributes = {
				LastSwiftUpdateCheck = 1150;
				LastUpgradeCheck = 1200;
				ORGANIZATIONNAME = "Maksim Kalik";
				TargetAttributes = {
					1128420C248E7C5700A014E9 = {
						CreatedOnToolsVersion = 11.5;
					};
				};
			};
			buildConfigurationList = 11284208248E7C5700A014E9 /* Build configuration list for PBXProject "worddeposit" */;
			compatibilityVersion = "Xcode 9.3";
			developmentRegion = en;
			hasScannedForEncodings = 0;
			knownRegions = (
				en,
				Base,
			);
			mainGroup = 11284204248E7C5700A014E9;
			productRefGroup = 1128420E248E7C5700A014E9 /* Products */;
			projectDirPath = "";
			projectRoot = "";
			targets = (
				1128420C248E7C5700A014E9 /* worddeposit */,
			);
		};
/* End PBXProject section */

/* Begin PBXResourcesBuildPhase section */
		1128420B248E7C5700A014E9 /* Resources */ = {
			isa = PBXResourcesBuildPhase;
			buildActionMask = 2147483647;
			files = (
				15BD0C0424DE0657007E8D27 /* MessageView.xib in Resources */,
				11108C03252356BC00A44945 /* DMSans-Bold.ttf in Resources */,
				11108C02252356BC00A44945 /* DMSans-Medium.ttf in Resources */,
				1128421D248E7C5800A014E9 /* LaunchScreen.storyboard in Resources */,
				112F9C7624F6F201007E92D8 /* SuccessMessageVC.xib in Resources */,
				11B20D6B24C8DF2E00C1CB4E /* PracticeAnswerItem.xib in Resources */,
				11F0326E24C8267E00BD6350 /* PracticeCVCell.xib in Resources */,
				15A7E04A24D8B322006804FD /* VocabulariesTVCell.xib in Resources */,
				1128421A248E7C5800A014E9 /* Assets.xcassets in Resources */,
				11108C04252356BC00A44945 /* DMSans-Regular.ttf in Resources */,
				1171E70724981CDD00805D35 /* VocabularyCardCVCell.xib in Resources */,
				11284218248E7C5700A014E9 /* Main.storyboard in Resources */,
				1181BBF42498060F00DB682E /* VocabularyCardsVC.xib in Resources */,
				11284229248E7D5100A014E9 /* Home.storyboard in Resources */,
				1158D30F24917B9B0087DC96 /* VocabularyTVCell.xib in Resources */,
				1158D31524917EC50087DC96 /* GoogleService-Info.plist in Resources */,
			);
			runOnlyForDeploymentPostprocessing = 0;
		};
/* End PBXResourcesBuildPhase section */

/* Begin PBXShellScriptBuildPhase section */
		082AF394C0C89311E27FFA55 /* [CP] Embed Pods Frameworks */ = {
			isa = PBXShellScriptBuildPhase;
			buildActionMask = 2147483647;
			files = (
			);
			inputFileListPaths = (
				"${PODS_ROOT}/Target Support Files/Pods-worddeposit/Pods-worddeposit-frameworks-${CONFIGURATION}-input-files.xcfilelist",
			);
			name = "[CP] Embed Pods Frameworks";
			outputFileListPaths = (
				"${PODS_ROOT}/Target Support Files/Pods-worddeposit/Pods-worddeposit-frameworks-${CONFIGURATION}-output-files.xcfilelist",
			);
			runOnlyForDeploymentPostprocessing = 0;
			shellPath = /bin/sh;
			shellScript = "\"${PODS_ROOT}/Target Support Files/Pods-worddeposit/Pods-worddeposit-frameworks.sh\"\n";
			showEnvVarsInLog = 0;
		};
		BC7967448B04ACAD2F276EC5 /* [CP] Check Pods Manifest.lock */ = {
			isa = PBXShellScriptBuildPhase;
			buildActionMask = 2147483647;
			files = (
			);
			inputFileListPaths = (
			);
			inputPaths = (
				"${PODS_PODFILE_DIR_PATH}/Podfile.lock",
				"${PODS_ROOT}/Manifest.lock",
			);
			name = "[CP] Check Pods Manifest.lock";
			outputFileListPaths = (
			);
			outputPaths = (
				"$(DERIVED_FILE_DIR)/Pods-worddeposit-checkManifestLockResult.txt",
			);
			runOnlyForDeploymentPostprocessing = 0;
			shellPath = /bin/sh;
			shellScript = "diff \"${PODS_PODFILE_DIR_PATH}/Podfile.lock\" \"${PODS_ROOT}/Manifest.lock\" > /dev/null\nif [ $? != 0 ] ; then\n    # print error to STDERR\n    echo \"error: The sandbox is not in sync with the Podfile.lock. Run 'pod install' or update your CocoaPods installation.\" >&2\n    exit 1\nfi\n# This output is used by Xcode 'outputs' to avoid re-running this script phase.\necho \"SUCCESS\" > \"${SCRIPT_OUTPUT_FILE_0}\"\n";
			showEnvVarsInLog = 0;
		};
/* End PBXShellScriptBuildPhase section */

/* Begin PBXSourcesBuildPhase section */
		11284209248E7C5700A014E9 /* Sources */ = {
			isa = PBXSourcesBuildPhase;
			buildActionMask = 2147483647;
			files = (
				15AFF8B6251692CB00BA6DAF /* ShowLogin.swift in Sources */,
				11B20D6A24C8DF2E00C1CB4E /* PracticeAnswerItem.swift in Sources */,
				11284239248E83E000A014E9 /* RegistrationVC.swift in Sources */,
				11284241248E846000A014E9 /* Word.swift in Sources */,
				15E7741C2529205400EC57D0 /* UILabel.swift in Sources */,
				1147B609252B1F420078A296 /* CheckmarkListTVC.swift in Sources */,
				1192355024BFB66C00E76403 /* TextFields.swift in Sources */,
				110C3F87252DEFC600FE5667 /* UITextField.swift in Sources */,
				1128423B248E83ED00A014E9 /* ForgotPasswordVC.swift in Sources */,
				15CEBC6124D71A0300D48C0E /* ProgressHUD.swift in Sources */,
				1128423D248E840000A014E9 /* RoundedViews.swift in Sources */,
				116BC94C249182BD00968DA6 /* Constants.swift in Sources */,
				11B20D6D24C8E00800C1CB4E /* PracticeReadVC.swift in Sources */,
				11F0327024C8272700BD6350 /* PracticeCVC.swift in Sources */,
				1164FB532508CE150023326A /* MakeWordDesk.swift in Sources */,
				155F39E82523D69400EC63B9 /* UINavigationController.swift in Sources */,
				112EA43524C84A2900FA55E3 /* PracticeTrainers.swift in Sources */,
				150FA46124D8B6E40083D653 /* Vocabulary.swift in Sources */,
				118162EF24BFB08E0088C0E1 /* UserInfoTVC.swift in Sources */,
				1128423F248E845900A014E9 /* User.swift in Sources */,
				151F2F29251EB193002D292B /* DefaultButton.swift in Sources */,
				15D5190E251C076900590073 /* Validator.swift in Sources */,
				11284235248E83C800A014E9 /* ProfileTVC.swift in Sources */,
				11F32A5324AF46D00097BF39 /* VocabularyResultsTVC.swift in Sources */,
				11621A2724C25EFA003087AB /* WKWebVC.swift in Sources */,
				15D51907251C069F00590073 /* UIImage.swift in Sources */,
				158B1095251BE29A0003C3A9 /* TextFieldLimit.swift in Sources */,
				11284237248E83D400A014E9 /* LoginVC.swift in Sources */,
				11F32A5524AF49C30097BF39 /* VocabularyTVC+Restore.swift in Sources */,
				11284211248E7C5700A014E9 /* AppDelegate.swift in Sources */,
				112EA43324C83B7200FA55E3 /* PracticeTrainer.swift in Sources */,
				116BC94E2491836B00968DA6 /* UIViewController.swift in Sources */,
				1171E70624981CDD00805D35 /* VocabularyCardCVCell.swift in Sources */,
				11F32A5924AF49DB0097BF39 /* VocabularyTVC+Updating.swift in Sources */,
				11ECE4B424EB0FA100B7884B /* VocabulariesTVC.swift in Sources */,
				15E7741F25292F0100EC57D0 /* ShadowView.swift in Sources */,
				1128422F248E839D00A014E9 /* AddWordVC.swift in Sources */,
				15E77426252A2C7C00EC57D0 /* ButtonSelector.swift in Sources */,
				1181BBF32498060F00DB682E /* VocabularyCardsVC.swift in Sources */,
				11F0326D24C8267E00BD6350 /* PracticeCVCell.swift in Sources */,
				119DBF5724ACCFBF009124B7 /* Configurations.swift in Sources */,
				117FA4CA24CEE78A0043024D /* CollectionViewCenterLayout.swift in Sources */,
				15266E6A251140D200BB621C /* Firebase.swift in Sources */,
				15BD0C0224DE0631007E8D27 /* MessageView.swift in Sources */,
				151F2F0C251E97D5002D292B /* LoginTitle.swift in Sources */,
				15A7E04924D8B322006804FD /* VocabulariesTVCell.swift in Sources */,
				15D51954251E7F2500590073 /* PrimaryButton.swift in Sources */,
				1158D30E24917B9B0087DC96 /* VocabularyTVCell.swift in Sources */,
				156C80B724D8D27E0077905D /* VocabularyDetailsVC.swift in Sources */,
				15E77429252A3BF400EC57D0 /* SecondaryButton.swift in Sources */,
				15122F5825213FF900DB0E8F /* TabBarConroller.swift in Sources */,
				11284233248E83BB00A014E9 /* VocabularyTVC.swift in Sources */,
				1117D08F25023675000D864F /* Array.swift in Sources */,
				110F5E3724FD673D00C463A4 /* UserService.swift in Sources */,
				11284213248E7C5700A014E9 /* SceneDelegate.swift in Sources */,
				117FA4CC24CEEC350043024D /* PracticeDeskItemButton.swift in Sources */,
				112F9C7524F6F201007E92D8 /* SuccessMessageVC.swift in Sources */,
				15D5190A251C070100590073 /* String.swift in Sources */,
			);
			runOnlyForDeploymentPostprocessing = 0;
		};
/* End PBXSourcesBuildPhase section */

/* Begin PBXVariantGroup section */
		11284216248E7C5700A014E9 /* Main.storyboard */ = {
			isa = PBXVariantGroup;
			children = (
				11284217248E7C5700A014E9 /* Base */,
			);
			name = Main.storyboard;
			sourceTree = "<group>";
		};
		1128421B248E7C5800A014E9 /* LaunchScreen.storyboard */ = {
			isa = PBXVariantGroup;
			children = (
				1128421C248E7C5800A014E9 /* Base */,
			);
			name = LaunchScreen.storyboard;
			sourceTree = "<group>";
		};
/* End PBXVariantGroup section */

/* Begin XCBuildConfiguration section */
		1128421F248E7C5800A014E9 /* Debug */ = {
			isa = XCBuildConfiguration;
			buildSettings = {
				ALWAYS_SEARCH_USER_PATHS = NO;
				CLANG_ANALYZER_NONNULL = YES;
				CLANG_ANALYZER_NUMBER_OBJECT_CONVERSION = YES_AGGRESSIVE;
				CLANG_CXX_LANGUAGE_STANDARD = "gnu++14";
				CLANG_CXX_LIBRARY = "libc++";
				CLANG_ENABLE_MODULES = YES;
				CLANG_ENABLE_OBJC_ARC = YES;
				CLANG_ENABLE_OBJC_WEAK = YES;
				CLANG_WARN_BLOCK_CAPTURE_AUTORELEASING = YES;
				CLANG_WARN_BOOL_CONVERSION = YES;
				CLANG_WARN_COMMA = YES;
				CLANG_WARN_CONSTANT_CONVERSION = YES;
				CLANG_WARN_DEPRECATED_OBJC_IMPLEMENTATIONS = YES;
				CLANG_WARN_DIRECT_OBJC_ISA_USAGE = YES_ERROR;
				CLANG_WARN_DOCUMENTATION_COMMENTS = YES;
				CLANG_WARN_EMPTY_BODY = YES;
				CLANG_WARN_ENUM_CONVERSION = YES;
				CLANG_WARN_INFINITE_RECURSION = YES;
				CLANG_WARN_INT_CONVERSION = YES;
				CLANG_WARN_NON_LITERAL_NULL_CONVERSION = YES;
				CLANG_WARN_OBJC_IMPLICIT_RETAIN_SELF = YES;
				CLANG_WARN_OBJC_LITERAL_CONVERSION = YES;
				CLANG_WARN_OBJC_ROOT_CLASS = YES_ERROR;
				CLANG_WARN_QUOTED_INCLUDE_IN_FRAMEWORK_HEADER = YES;
				CLANG_WARN_RANGE_LOOP_ANALYSIS = YES;
				CLANG_WARN_STRICT_PROTOTYPES = YES;
				CLANG_WARN_SUSPICIOUS_MOVE = YES;
				CLANG_WARN_UNGUARDED_AVAILABILITY = YES_AGGRESSIVE;
				CLANG_WARN_UNREACHABLE_CODE = YES;
				CLANG_WARN__DUPLICATE_METHOD_MATCH = YES;
				COPY_PHASE_STRIP = NO;
				DEBUG_INFORMATION_FORMAT = dwarf;
				ENABLE_STRICT_OBJC_MSGSEND = YES;
				ENABLE_TESTABILITY = YES;
				GCC_C_LANGUAGE_STANDARD = gnu11;
				GCC_DYNAMIC_NO_PIC = NO;
				GCC_NO_COMMON_BLOCKS = YES;
				GCC_OPTIMIZATION_LEVEL = 0;
				GCC_PREPROCESSOR_DEFINITIONS = (
					"DEBUG=1",
					"$(inherited)",
				);
				GCC_WARN_64_TO_32_BIT_CONVERSION = YES;
				GCC_WARN_ABOUT_RETURN_TYPE = YES_ERROR;
				GCC_WARN_UNDECLARED_SELECTOR = YES;
				GCC_WARN_UNINITIALIZED_AUTOS = YES_AGGRESSIVE;
				GCC_WARN_UNUSED_FUNCTION = YES;
				GCC_WARN_UNUSED_VARIABLE = YES;
				IPHONEOS_DEPLOYMENT_TARGET = 13.0;
				MTL_ENABLE_DEBUG_INFO = INCLUDE_SOURCE;
				MTL_FAST_MATH = YES;
				ONLY_ACTIVE_ARCH = YES;
				SDKROOT = iphoneos;
				SWIFT_ACTIVE_COMPILATION_CONDITIONS = DEBUG;
				SWIFT_OPTIMIZATION_LEVEL = "-Onone";
				SWIFT_VERSION = 5.0;
			};
			name = Debug;
		};
		11284220248E7C5800A014E9 /* Release */ = {
			isa = XCBuildConfiguration;
			buildSettings = {
				ALWAYS_SEARCH_USER_PATHS = NO;
				CLANG_ANALYZER_NONNULL = YES;
				CLANG_ANALYZER_NUMBER_OBJECT_CONVERSION = YES_AGGRESSIVE;
				CLANG_CXX_LANGUAGE_STANDARD = "gnu++14";
				CLANG_CXX_LIBRARY = "libc++";
				CLANG_ENABLE_MODULES = YES;
				CLANG_ENABLE_OBJC_ARC = YES;
				CLANG_ENABLE_OBJC_WEAK = YES;
				CLANG_WARN_BLOCK_CAPTURE_AUTORELEASING = YES;
				CLANG_WARN_BOOL_CONVERSION = YES;
				CLANG_WARN_COMMA = YES;
				CLANG_WARN_CONSTANT_CONVERSION = YES;
				CLANG_WARN_DEPRECATED_OBJC_IMPLEMENTATIONS = YES;
				CLANG_WARN_DIRECT_OBJC_ISA_USAGE = YES_ERROR;
				CLANG_WARN_DOCUMENTATION_COMMENTS = YES;
				CLANG_WARN_EMPTY_BODY = YES;
				CLANG_WARN_ENUM_CONVERSION = YES;
				CLANG_WARN_INFINITE_RECURSION = YES;
				CLANG_WARN_INT_CONVERSION = YES;
				CLANG_WARN_NON_LITERAL_NULL_CONVERSION = YES;
				CLANG_WARN_OBJC_IMPLICIT_RETAIN_SELF = YES;
				CLANG_WARN_OBJC_LITERAL_CONVERSION = YES;
				CLANG_WARN_OBJC_ROOT_CLASS = YES_ERROR;
				CLANG_WARN_QUOTED_INCLUDE_IN_FRAMEWORK_HEADER = YES;
				CLANG_WARN_RANGE_LOOP_ANALYSIS = YES;
				CLANG_WARN_STRICT_PROTOTYPES = YES;
				CLANG_WARN_SUSPICIOUS_MOVE = YES;
				CLANG_WARN_UNGUARDED_AVAILABILITY = YES_AGGRESSIVE;
				CLANG_WARN_UNREACHABLE_CODE = YES;
				CLANG_WARN__DUPLICATE_METHOD_MATCH = YES;
				COPY_PHASE_STRIP = NO;
				DEBUG_INFORMATION_FORMAT = "dwarf-with-dsym";
				ENABLE_NS_ASSERTIONS = NO;
				ENABLE_STRICT_OBJC_MSGSEND = YES;
				GCC_C_LANGUAGE_STANDARD = gnu11;
				GCC_NO_COMMON_BLOCKS = YES;
				GCC_WARN_64_TO_32_BIT_CONVERSION = YES;
				GCC_WARN_ABOUT_RETURN_TYPE = YES_ERROR;
				GCC_WARN_UNDECLARED_SELECTOR = YES;
				GCC_WARN_UNINITIALIZED_AUTOS = YES_AGGRESSIVE;
				GCC_WARN_UNUSED_FUNCTION = YES;
				GCC_WARN_UNUSED_VARIABLE = YES;
				IPHONEOS_DEPLOYMENT_TARGET = 13.0;
				MTL_ENABLE_DEBUG_INFO = NO;
				MTL_FAST_MATH = YES;
				SDKROOT = iphoneos;
				SWIFT_COMPILATION_MODE = wholemodule;
				SWIFT_OPTIMIZATION_LEVEL = "-O";
				SWIFT_VERSION = 5.0;
				VALIDATE_PRODUCT = YES;
			};
			name = Release;
		};
		11284222248E7C5800A014E9 /* Debug */ = {
			isa = XCBuildConfiguration;
			baseConfigurationReference = 64D79D641400D9D1E19CC310 /* Pods-worddeposit.debug.xcconfig */;
			buildSettings = {
				ASSETCATALOG_COMPILER_APPICON_NAME = AppIcon;
				CODE_SIGN_ENTITLEMENTS = worddeposit/worddeposit.entitlements;
				CODE_SIGN_STYLE = Automatic;
				DEVELOPMENT_TEAM = P353H6D448;
				INFOPLIST_FILE = worddeposit/Info.plist;
				IPHONEOS_DEPLOYMENT_TARGET = 13.0;
				LD_RUNPATH_SEARCH_PATHS = (
					"$(inherited)",
					"@executable_path/Frameworks",
				);
				MARKETING_VERSION = 2.0;
				PRODUCT_BUNDLE_IDENTIFIER = com.maxkalik.worddeposit;
				PRODUCT_NAME = "$(TARGET_NAME)";
				SWIFT_VERSION = 5.0;
				TARGETED_DEVICE_FAMILY = 1;
			};
			name = Debug;
		};
		11284223248E7C5800A014E9 /* Release */ = {
			isa = XCBuildConfiguration;
			baseConfigurationReference = E2568201BEE4DB94972CDA34 /* Pods-worddeposit.release.xcconfig */;
			buildSettings = {
				ASSETCATALOG_COMPILER_APPICON_NAME = AppIcon;
				CODE_SIGN_ENTITLEMENTS = worddeposit/worddeposit.entitlements;
				CODE_SIGN_STYLE = Automatic;
				DEVELOPMENT_TEAM = P353H6D448;
				INFOPLIST_FILE = worddeposit/Info.plist;
				IPHONEOS_DEPLOYMENT_TARGET = 13.0;
				LD_RUNPATH_SEARCH_PATHS = (
					"$(inherited)",
					"@executable_path/Frameworks",
				);
				MARKETING_VERSION = 2.0;
				PRODUCT_BUNDLE_IDENTIFIER = com.maxkalik.worddeposit;
				PRODUCT_NAME = "$(TARGET_NAME)";
				SWIFT_VERSION = 5.0;
				TARGETED_DEVICE_FAMILY = 1;
			};
			name = Release;
		};
/* End XCBuildConfiguration section */

/* Begin XCConfigurationList section */
		11284208248E7C5700A014E9 /* Build configuration list for PBXProject "worddeposit" */ = {
			isa = XCConfigurationList;
			buildConfigurations = (
				1128421F248E7C5800A014E9 /* Debug */,
				11284220248E7C5800A014E9 /* Release */,
			);
			defaultConfigurationIsVisible = 0;
			defaultConfigurationName = Release;
		};
		11284221248E7C5800A014E9 /* Build configuration list for PBXNativeTarget "worddeposit" */ = {
			isa = XCConfigurationList;
			buildConfigurations = (
				11284222248E7C5800A014E9 /* Debug */,
				11284223248E7C5800A014E9 /* Release */,
			);
			defaultConfigurationIsVisible = 0;
			defaultConfigurationName = Release;
		};
/* End XCConfigurationList section */
	};
	rootObject = 11284205248E7C5700A014E9 /* Project object */;
}
